
Microsoft Visual Studio Solution File, Format Version 12.00
# Visual Studio Version 17
VisualStudioVersion = 17.0.31903.59
MinimumVisualStudioVersion = 10.0.40219.1
Project("{9A19103F-16F7-4668-BE54-9A1E7A4F7556}") = "PosNetworkSetup", "PosNetworkSetup\PosNetworkSetup.csproj", "{B8F4E2A1-0C9D-4E3F-A7B2-1D2E3F4A5B6C}"
EndProject
Global
	GlobalSection(SolutionConfigurationPlatforms) = preSolution
		Debug|Any CPU = Debug|Any CPU
		Release|Any CPU = Release|Any CPU
	EndGlobalSection
	GlobalSection(ProjectConfigurationPlatforms) = postSolution
		{B8F4E2A1-0C9D-4E3F-A7B2-1D2E3F4A5B6C}.Debug|Any CPU.ActiveCfg = Debug|Any CPU
		{B8F4E2A1-0C9D-4E3F-A7B2-1D2E3F4A5B6C}.Debug|Any CPU.Build.0 = Debug|Any CPU
		{B8F4E2A1-0C9D-4E3F-A7B2-1D2E3F4A5B6C}.Release|Any CPU.ActiveCfg = Release|Any CPU
		{B8F4E2A1-0C9D-4E3F-A7B2-1D2E3F4A5B6C}.Release|Any CPU.Build.0 = Release|Any CPU
	EndGlobalSection
EndGlobal
